# THIS IS AN AUTOGENERATED FILE. DO NOT EDIT THIS FILE DIRECTLY.
# yarn lockfile v1


typescript@^4.4.0-dev.20210523:
  version "4.4.0-dev.20210523"
  resolved "https://registry.yarnpkg.com/typescript/-/typescript-4.4.0-dev.20210523.tgz#29faee2e8c2aaa7ce93b6194370a085b75517f56"
  integrity sha512-qGqHTa3VFMhPrXn+ktL1Hc0QYgO7ylJotPqnrpGY8yYJORtk5f9FDzGfRgNP93JQtWIc8qPfjAnijvFcT0eU3g==
